
Microsoft Visual Studio Solution File, Format Version 12.00
# Visual Studio Version 17
VisualStudioVersion = 17.5.33516.290
MinimumVisualStudioVersion = 10.0.40219.1
Project("{FAE04EC0-301F-11D3-BF4B-00C04F79EFBC}") = "CopyCodeFromTheDirectory", "CopyCodeFromTheDirectory\CopyCodeFromTheDirectory.csproj", "{4B8765FD-DA7F-49C9-8B7C-040D2D0FC501}"
EndProject
Global
	GlobalSection(SolutionConfigurationPlatforms) = preSolution
		Debug|Any CPU = Debug|Any CPU
		Release|Any CPU = Release|Any CPU
	EndGlobalSection
	GlobalSection(ProjectConfigurationPlatforms) = postSolution
		{4B8765FD-DA7F-49C9-8B7C-040D2D0FC501}.Debug|Any CPU.ActiveCfg = Debug|Any CPU
		{4B8765FD-DA7F-49C9-8B7C-040D2D0FC501}.Debug|Any CPU.Build.0 = Debug|Any CPU
		{4B8765FD-DA7F-49C9-8B7C-040D2D0FC501}.Release|Any CPU.ActiveCfg = Release|Any CPU
		{4B8765FD-DA7F-49C9-8B7C-040D2D0FC501}.Release|Any CPU.Build.0 = Release|Any CPU
	EndGlobalSection
	GlobalSection(SolutionProperties) = preSolution
		HideSolutionNode = FALSE
	EndGlobalSection
	GlobalSection(ExtensibilityGlobals) = postSolution
		SolutionGuid = {BAB97B59-3FB8-4EDA-BCFB-2A5EFC3CCB86}
	EndGlobalSection
EndGlobal
